{
  "lockfileVersion": 1,
  "workspaces": {
    "": {
      "dependencies": {
        "@prisma/client": "^6.7.0",
      },
    },
  },
  "packages": {
    "@prisma/client": ["@prisma/client@6.7.0", "", { "peerDependencies": { "prisma": "*", "typescript": ">=5.1.0" }, "optionalPeers": ["prisma", "typescript"] }, "sha512-+k61zZn1XHjbZul8q6TdQLpuI/cvyfil87zqK2zpreNIXyXtpUv3+H/oM69hcsFcZXaokHJIzPAt5Z8C8eK2QA=="],
  }
}
